
Microsoft Visual Studio Solution File, Format Version 12.00
# Visual Studio 15
VisualStudioVersion = 15.0.26730.15
MinimumVisualStudioVersion = 10.0.40219.1
Project("{FAE04EC0-301F-11D3-BF4B-00C04F79EFBC}") = "KMZI_4(password)", "KMZI_4(password)\KMZI_4(password).csproj", "{C200B3E5-3CF1-4D8A-99C1-CA9949D1CB09}"
EndProject
Global
	GlobalSection(SolutionConfigurationPlatforms) = preSolution
		Debug|Any CPU = Debug|Any CPU
		Release|Any CPU = Release|Any CPU
	EndGlobalSection
	GlobalSection(ProjectConfigurationPlatforms) = postSolution
		{C200B3E5-3CF1-4D8A-99C1-CA9949D1CB09}.Debug|Any CPU.ActiveCfg = Debug|Any CPU
		{C200B3E5-3CF1-4D8A-99C1-CA9949D1CB09}.Debug|Any CPU.Build.0 = Debug|Any CPU
		{C200B3E5-3CF1-4D8A-99C1-CA9949D1CB09}.Release|Any CPU.ActiveCfg = Release|Any CPU
		{C200B3E5-3CF1-4D8A-99C1-CA9949D1CB09}.Release|Any CPU.Build.0 = Release|Any CPU
	EndGlobalSection
	GlobalSection(SolutionProperties) = preSolution
		HideSolutionNode = FALSE
	EndGlobalSection
	GlobalSection(ExtensibilityGlobals) = postSolution
		SolutionGuid = {54922F65-464F-4585-AB2F-656C0FF8ECDB}
	EndGlobalSection
EndGlobal
